
Microsoft Visual Studio Solution File, Format Version 12.00
# Visual Studio Version 16
VisualStudioVersion = 16.0.30413.136
MinimumVisualStudioVersion = 10.0.40219.1
Project("{FAE04EC0-301F-11D3-BF4B-00C04F79EFBC}") = "Secretary.Api", "Secretary.Api\Secretary.Api.csproj", "{535246B6-B593-4297-BC5C-7F0F62244497}"
EndProject
Project("{FAE04EC0-301F-11D3-BF4B-00C04F79EFBC}") = "Secretary.Domain", "Secretary.Domain\Secretary.Domain.csproj", "{FA646DC1-0C63-40E7-B6F1-A15F45DCA7F4}"
EndProject
Project("{FAE04EC0-301F-11D3-BF4B-00C04F79EFBC}") = "Secretary.Infrastructure", "Secretary.Infrastructure\Secretary.Infrastructure.csproj", "{42E44160-FF86-499A-A091-44AE1C272EC0}"
EndProject
Project("{FAE04EC0-301F-11D3-BF4B-00C04F79EFBC}") = "Secretary.Application", "Secretary.Application\Secretary.Application.csproj", "{A5DF7F62-4DBF-4F9E-8B17-CF435F1255A6}"
EndProject
Global
	GlobalSection(SolutionConfigurationPlatforms) = preSolution
		Debug|Any CPU = Debug|Any CPU
		Release|Any CPU = Release|Any CPU
	EndGlobalSection
	GlobalSection(ProjectConfigurationPlatforms) = postSolution
		{535246B6-B593-4297-BC5C-7F0F62244497}.Debug|Any CPU.ActiveCfg = Debug|Any CPU
		{535246B6-B593-4297-BC5C-7F0F62244497}.Debug|Any CPU.Build.0 = Debug|Any CPU
		{535246B6-B593-4297-BC5C-7F0F62244497}.Release|Any CPU.ActiveCfg = Release|Any CPU
		{535246B6-B593-4297-BC5C-7F0F62244497}.Release|Any CPU.Build.0 = Release|Any CPU
		{FA646DC1-0C63-40E7-B6F1-A15F45DCA7F4}.Debug|Any CPU.ActiveCfg = Debug|Any CPU
		{FA646DC1-0C63-40E7-B6F1-A15F45DCA7F4}.Debug|Any CPU.Build.0 = Debug|Any CPU
		{FA646DC1-0C63-40E7-B6F1-A15F45DCA7F4}.Release|Any CPU.ActiveCfg = Release|Any CPU
		{FA646DC1-0C63-40E7-B6F1-A15F45DCA7F4}.Release|Any CPU.Build.0 = Release|Any CPU
		{42E44160-FF86-499A-A091-44AE1C272EC0}.Debug|Any CPU.ActiveCfg = Debug|Any CPU
		{42E44160-FF86-499A-A091-44AE1C272EC0}.Debug|Any CPU.Build.0 = Debug|Any CPU
		{42E44160-FF86-499A-A091-44AE1C272EC0}.Release|Any CPU.ActiveCfg = Release|Any CPU
		{42E44160-FF86-499A-A091-44AE1C272EC0}.Release|Any CPU.Build.0 = Release|Any CPU
		{A5DF7F62-4DBF-4F9E-8B17-CF435F1255A6}.Debug|Any CPU.ActiveCfg = Debug|Any CPU
		{A5DF7F62-4DBF-4F9E-8B17-CF435F1255A6}.Debug|Any CPU.Build.0 = Debug|Any CPU
		{A5DF7F62-4DBF-4F9E-8B17-CF435F1255A6}.Release|Any CPU.ActiveCfg = Release|Any CPU
		{A5DF7F62-4DBF-4F9E-8B17-CF435F1255A6}.Release|Any CPU.Build.0 = Release|Any CPU
	EndGlobalSection
	GlobalSection(SolutionProperties) = preSolution
		HideSolutionNode = FALSE
	EndGlobalSection
	GlobalSection(ExtensibilityGlobals) = postSolution
		SolutionGuid = {6E1CD461-911B-4853-A472-2B9C7000004C}
	EndGlobalSection
EndGlobal
